
Microsoft Visual Studio Solution File, Format Version 12.00
# Visual Studio 15
VisualStudioVersion = 15.0.26730.8
MinimumVisualStudioVersion = 10.0.40219.1
Project("{FAE04EC0-301F-11D3-BF4B-00C04F79EFBC}") = "AOP.Demo", "AOP.Demo\AOP.Demo.csproj", "{C508DF2F-1B50-4AF0-9304-0028E7438700}"
EndProject
Global
	GlobalSection(SolutionConfigurationPlatforms) = preSolution
		Debug|Any CPU = Debug|Any CPU
		Release|Any CPU = Release|Any CPU
	EndGlobalSection
	GlobalSection(ProjectConfigurationPlatforms) = postSolution
		{C508DF2F-1B50-4AF0-9304-0028E7438700}.Debug|Any CPU.ActiveCfg = Debug|Any CPU
		{C508DF2F-1B50-4AF0-9304-0028E7438700}.Debug|Any CPU.Build.0 = Debug|Any CPU
		{C508DF2F-1B50-4AF0-9304-0028E7438700}.Release|Any CPU.ActiveCfg = Release|Any CPU
		{C508DF2F-1B50-4AF0-9304-0028E7438700}.Release|Any CPU.Build.0 = Release|Any CPU
	EndGlobalSection
	GlobalSection(SolutionProperties) = preSolution
		HideSolutionNode = FALSE
	EndGlobalSection
	GlobalSection(ExtensibilityGlobals) = postSolution
		SolutionGuid = {4E25054A-5F4D-460C-AD6D-8DE80846F47B}
	EndGlobalSection
EndGlobal
